// !$*UTF8*$!
{
	archiveVersion = 1;
	classes = {
	};
	objectVersion = 50;
	objects = {

/* Begin PBXBuildFile section */
		6420E63425235D00001E8376 /* AppDelegate.swift in Sources */ = {isa = PBXBuildFile; fileRef = 6420E63325235D00001E8376 /* AppDelegate.swift */; };
		6420E63625235D00001E8376 /* SceneDelegate.swift in Sources */ = {isa = PBXBuildFile; fileRef = 6420E63525235D00001E8376 /* SceneDelegate.swift */; };
		6420E63825235D00001E8376 /* MainViewController.swift in Sources */ = {isa = PBXBuildFile; fileRef = 6420E63725235D00001E8376 /* MainViewController.swift */; };
		6420E63B25235D00001E8376 /* Main.storyboard in Resources */ = {isa = PBXBuildFile; fileRef = 6420E63925235D00001E8376 /* Main.storyboard */; };
		6420E63D25235D00001E8376 /* Assets.xcassets in Resources */ = {isa = PBXBuildFile; fileRef = 6420E63C25235D00001E8376 /* Assets.xcassets */; };
		6420E64025235D00001E8376 /* LaunchScreen.storyboard in Resources */ = {isa = PBXBuildFile; fileRef = 6420E63E25235D00001E8376 /* LaunchScreen.storyboard */; };
		6420E64A25236F78001E8376 /* NewsCollectionViewCell.swift in Sources */ = {isa = PBXBuildFile; fileRef = 6420E64925236F78001E8376 /* NewsCollectionViewCell.swift */; };
		6420E64C2523A350001E8376 /* DetailViewController.swift in Sources */ = {isa = PBXBuildFile; fileRef = 6420E64B2523A350001E8376 /* DetailViewController.swift */; };
		64771DB42524DF0C00917D4F /* Article.swift in Sources */ = {isa = PBXBuildFile; fileRef = 64771DB32524DF0C00917D4F /* Article.swift */; };
		64771DB62524DFF700917D4F /* News.swift in Sources */ = {isa = PBXBuildFile; fileRef = 64771DB52524DFF700917D4F /* News.swift */; };
/* End PBXBuildFile section */

/* Begin PBXFileReference section */
		6420E63025235D00001E8376 /* SwiftMed.app */ = {isa = PBXFileReference; explicitFileType = wrapper.application; includeInIndex = 0; path = SwiftMed.app; sourceTree = BUILT_PRODUCTS_DIR; };
		6420E63325235D00001E8376 /* AppDelegate.swift */ = {isa = PBXFileReference; lastKnownFileType = sourcecode.swift; path = AppDelegate.swift; sourceTree = "<group>"; };
		6420E63525235D00001E8376 /* SceneDelegate.swift */ = {isa = PBXFileReference; lastKnownFileType = sourcecode.swift; path = SceneDelegate.swift; sourceTree = "<group>"; };
		6420E63725235D00001E8376 /* MainViewController.swift */ = {isa = PBXFileReference; lastKnownFileType = sourcecode.swift; path = MainViewController.swift; sourceTree = "<group>"; };
		6420E63A25235D00001E8376 /* Base */ = {isa = PBXFileReference; lastKnownFileType = file.storyboard; name = Base; path = Base.lproj/Main.storyboard; sourceTree = "<group>"; };
		6420E63C25235D00001E8376 /* Assets.xcassets */ = {isa = PBXFileReference; lastKnownFileType = folder.assetcatalog; path = Assets.xcassets; sourceTree = "<group>"; };
		6420E63F25235D00001E8376 /* Base */ = {isa = PBXFileReference; lastKnownFileType = file.storyboard; name = Base; path = Base.lproj/LaunchScreen.storyboard; sourceTree = "<group>"; };
		6420E64125235D00001E8376 /* Info.plist */ = {isa = PBXFileReference; lastKnownFileType = text.plist.xml; path = Info.plist; sourceTree = "<group>"; };
		6420E64925236F78001E8376 /* NewsCollectionViewCell.swift */ = {isa = PBXFileReference; lastKnownFileType = sourcecode.swift; path = NewsCollectionViewCell.swift; sourceTree = "<group>"; };
		6420E64B2523A350001E8376 /* DetailViewController.swift */ = {isa = PBXFileReference; lastKnownFileType = sourcecode.swift; path = DetailViewController.swift; sourceTree = "<group>"; };
		64771DB32524DF0C00917D4F /* Article.swift */ = {isa = PBXFileReference; lastKnownFileType = sourcecode.swift; path = Article.swift; sourceTree = "<group>"; };
		64771DB52524DFF700917D4F /* News.swift */ = {isa = PBXFileReference; lastKnownFileType = sourcecode.swift; path = News.swift; sourceTree = "<group>"; };
/* End PBXFileReference section */

/* Begin PBXFrameworksBuildPhase section */
		6420E62D25235D00001E8376 /* Frameworks */ = {
			isa = PBXFrameworksBuildPhase;
			buildActionMask = 2147483647;
			files = (
			);
			runOnlyForDeploymentPostprocessing = 0;
		};
/* End PBXFrameworksBuildPhase section */

/* Begin PBXGroup section */
		6420E62725235D00001E8376 = {
			isa = PBXGroup;
			children = (
				6420E63225235D00001E8376 /* SwiftMed */,
				6420E63125235D00001E8376 /* Products */,
			);
			sourceTree = "<group>";
		};
		6420E63125235D00001E8376 /* Products */ = {
			isa = PBXGroup;
			children = (
				6420E63025235D00001E8376 /* SwiftMed.app */,
			);
			name = Products;
			sourceTree = "<group>";
		};
		6420E63225235D00001E8376 /* SwiftMed */ = {
			isa = PBXGroup;
			children = (
				6420E63325235D00001E8376 /* AppDelegate.swift */,
				6420E63525235D00001E8376 /* SceneDelegate.swift */,
				6420E63725235D00001E8376 /* MainViewController.swift */,
				6420E63925235D00001E8376 /* Main.storyboard */,
				6420E63C25235D00001E8376 /* Assets.xcassets */,
				6420E63E25235D00001E8376 /* LaunchScreen.storyboard */,
				6420E64125235D00001E8376 /* Info.plist */,
				6420E64925236F78001E8376 /* NewsCollectionViewCell.swift */,
				6420E64B2523A350001E8376 /* DetailViewController.swift */,
				64771DB32524DF0C00917D4F /* Article.swift */,
				64771DB52524DFF700917D4F /* News.swift */,
			);
			path = SwiftMed;
			sourceTree = "<group>";
		};
/* End PBXGroup section */

/* Begin PBXNativeTarget section */
		6420E62F25235D00001E8376 /* SwiftMed */ = {
			isa = PBXNativeTarget;
			buildConfigurationList = 6420E64425235D00001E8376 /* Build configuration list for PBXNativeTarget "SwiftMed" */;
			buildPhases = (
				6420E62C25235D00001E8376 /* Sources */,
				6420E62D25235D00001E8376 /* Frameworks */,
				6420E62E25235D00001E8376 /* Resources */,
			);
			buildRules = (
			);
			dependencies = (
			);
			name = SwiftMed;
			productName = SwiftMed;
			productReference = 6420E63025235D00001E8376 /* SwiftMed.app */;
			productType = "com.apple.product-type.application";
		};
/* End PBXNativeTarget section */

/* Begin PBXProject section */
		6420E62825235D00001E8376 /* Project object */ = {
			isa = PBXProject;
			attributes = {
				LastSwiftUpdateCheck = 1130;
				LastUpgradeCheck = 1130;
				ORGANIZATIONNAME = evandro;
				TargetAttributes = {
					6420E62F25235D00001E8376 = {
						CreatedOnToolsVersion = 11.3.1;
					};
				};
			};
			buildConfigurationList = 6420E62B25235D00001E8376 /* Build configuration list for PBXProject "SwiftMed" */;
			compatibilityVersion = "Xcode 9.3";
			developmentRegion = en;
			hasScannedForEncodings = 0;
			knownRegions = (
				en,
				Base,
			);
			mainGroup = 6420E62725235D00001E8376;
			productRefGroup = 6420E63125235D00001E8376 /* Products */;
			projectDirPath = "";
			projectRoot = "";
			targets = (
				6420E62F25235D00001E8376 /* SwiftMed */,
			);
		};
/* End PBXProject section */

/* Begin PBXResourcesBuildPhase section */
		6420E62E25235D00001E8376 /* Resources */ = {
			isa = PBXResourcesBuildPhase;
			buildActionMask = 2147483647;
			files = (
				6420E64025235D00001E8376 /* LaunchScreen.storyboard in Resources */,
				6420E63D25235D00001E8376 /* Assets.xcassets in Resources */,
				6420E63B25235D00001E8376 /* Main.storyboard in Resources */,
			);
			runOnlyForDeploymentPostprocessing = 0;
		};
/* End PBXResourcesBuildPhase section */

/* Begin PBXSourcesBuildPhase section */
		6420E62C25235D00001E8376 /* Sources */ = {
			isa = PBXSourcesBuildPhase;
			buildActionMask = 2147483647;
			files = (
				6420E63825235D00001E8376 /* MainViewController.swift in Sources */,
				6420E63425235D00001E8376 /* AppDelegate.swift in Sources */,
				6420E64C2523A350001E8376 /* DetailViewController.swift in Sources */,
				6420E63625235D00001E8376 /* SceneDelegate.swift in Sources */,
				64771DB62524DFF700917D4F /* News.swift in Sources */,
				64771DB42524DF0C00917D4F /* Article.swift in Sources */,
				6420E64A25236F78001E8376 /* NewsCollectionViewCell.swift in Sources */,
			);
			runOnlyForDeploymentPostprocessing = 0;
		};
/* End PBXSourcesBuildPhase section */

/* Begin PBXVariantGroup section */
		6420E63925235D00001E8376 /* Main.storyboard */ = {
			isa = PBXVariantGroup;
			children = (
				6420E63A25235D00001E8376 /* Base */,
			);
			name = Main.storyboard;
			sourceTree = "<group>";
		};
		6420E63E25235D00001E8376 /* LaunchScreen.storyboard */ = {
			isa = PBXVariantGroup;
			children = (
				6420E63F25235D00001E8376 /* Base */,
			);
			name = LaunchScreen.storyboard;
			sourceTree = "<group>";
		};
/* End PBXVariantGroup section */

/* Begin XCBuildConfiguration section */
		6420E64225235D00001E8376 /* Debug */ = {
			isa = XCBuildConfiguration;
			buildSettings = {
				ALWAYS_SEARCH_USER_PATHS = NO;
				CLANG_ANALYZER_NONNULL = YES;
				CLANG_ANALYZER_NUMBER_OBJECT_CONVERSION = YES_AGGRESSIVE;
				CLANG_CXX_LANGUAGE_STANDARD = "gnu++14";
				CLANG_CXX_LIBRARY = "libc++";
				CLANG_ENABLE_MODULES = YES;
				CLANG_ENABLE_OBJC_ARC = YES;
				CLANG_ENABLE_OBJC_WEAK = YES;
				CLANG_WARN_BLOCK_CAPTURE_AUTORELEASING = YES;
				CLANG_WARN_BOOL_CONVERSION = YES;
				CLANG_WARN_COMMA = YES;
				CLANG_WARN_CONSTANT_CONVERSION = YES;
				CLANG_WARN_DEPRECATED_OBJC_IMPLEMENTATIONS = YES;
				CLANG_WARN_DIRECT_OBJC_ISA_USAGE = YES_ERROR;
				CLANG_WARN_DOCUMENTATION_COMMENTS = YES;
				CLANG_WARN_EMPTY_BODY = YES;
				CLANG_WARN_ENUM_CONVERSION = YES;
				CLANG_WARN_INFINITE_RECURSION = YES;
				CLANG_WARN_INT_CONVERSION = YES;
				CLANG_WARN_NON_LITERAL_NULL_CONVERSION = YES;
				CLANG_WARN_OBJC_IMPLICIT_RETAIN_SELF = YES;
				CLANG_WARN_OBJC_LITERAL_CONVERSION = YES;
				CLANG_WARN_OBJC_ROOT_CLASS = YES_ERROR;
				CLANG_WARN_RANGE_LOOP_ANALYSIS = YES;
				CLANG_WARN_STRICT_PROTOTYPES = YES;
				CLANG_WARN_SUSPICIOUS_MOVE = YES;
				CLANG_WARN_UNGUARDED_AVAILABILITY = YES_AGGRESSIVE;
				CLANG_WARN_UNREACHABLE_CODE = YES;
				CLANG_WARN__DUPLICATE_METHOD_MATCH = YES;
				COPY_PHASE_STRIP = NO;
				DEBUG_INFORMATION_FORMAT = dwarf;
				ENABLE_STRICT_OBJC_MSGSEND = YES;
				ENABLE_TESTABILITY = YES;
				GCC_C_LANGUAGE_STANDARD = gnu11;
				GCC_DYNAMIC_NO_PIC = NO;
				GCC_NO_COMMON_BLOCKS = YES;
				GCC_OPTIMIZATION_LEVEL = 0;
				GCC_PREPROCESSOR_DEFINITIONS = (
					"DEBUG=1",
					"$(inherited)",
				);
				GCC_WARN_64_TO_32_BIT_CONVERSION = YES;
				GCC_WARN_ABOUT_RETURN_TYPE = YES_ERROR;
				GCC_WARN_UNDECLARED_SELECTOR = YES;
				GCC_WARN_UNINITIALIZED_AUTOS = YES_AGGRESSIVE;
				GCC_WARN_UNUSED_FUNCTION = YES;
				GCC_WARN_UNUSED_VARIABLE = YES;
				IPHONEOS_DEPLOYMENT_TARGET = 13.2;
				MTL_ENABLE_DEBUG_INFO = INCLUDE_SOURCE;
				MTL_FAST_MATH = YES;
				ONLY_ACTIVE_ARCH = YES;
				SDKROOT = iphoneos;
				SWIFT_ACTIVE_COMPILATION_CONDITIONS = DEBUG;
				SWIFT_OPTIMIZATION_LEVEL = "-Onone";
			};
			name = Debug;
		};
		6420E64325235D00001E8376 /* Release */ = {
			isa = XCBuildConfiguration;
			buildSettings = {
				ALWAYS_SEARCH_USER_PATHS = NO;
				CLANG_ANALYZER_NONNULL = YES;
				CLANG_ANALYZER_NUMBER_OBJECT_CONVERSION = YES_AGGRESSIVE;
				CLANG_CXX_LANGUAGE_STANDARD = "gnu++14";
				CLANG_CXX_LIBRARY = "libc++";
				CLANG_ENABLE_MODULES = YES;
				CLANG_ENABLE_OBJC_ARC = YES;
				CLANG_ENABLE_OBJC_WEAK = YES;
				CLANG_WARN_BLOCK_CAPTURE_AUTORELEASING = YES;
				CLANG_WARN_BOOL_CONVERSION = YES;
				CLANG_WARN_COMMA = YES;
				CLANG_WARN_CONSTANT_CONVERSION = YES;
				CLANG_WARN_DEPRECATED_OBJC_IMPLEMENTATIONS = YES;
				CLANG_WARN_DIRECT_OBJC_ISA_USAGE = YES_ERROR;
				CLANG_WARN_DOCUMENTATION_COMMENTS = YES;
				CLANG_WARN_EMPTY_BODY = YES;
				CLANG_WARN_ENUM_CONVERSION = YES;
				CLANG_WARN_INFINITE_RECURSION = YES;
				CLANG_WARN_INT_CONVERSION = YES;
				CLANG_WARN_NON_LITERAL_NULL_CONVERSION = YES;
				CLANG_WARN_OBJC_IMPLICIT_RETAIN_SELF = YES;
				CLANG_WARN_OBJC_LITERAL_CONVERSION = YES;
				CLANG_WARN_OBJC_ROOT_CLASS = YES_ERROR;
				CLANG_WARN_RANGE_LOOP_ANALYSIS = YES;
				CLANG_WARN_STRICT_PROTOTYPES = YES;
				CLANG_WARN_SUSPICIOUS_MOVE = YES;
				CLANG_WARN_UNGUARDED_AVAILABILITY = YES_AGGRESSIVE;
				CLANG_WARN_UNREACHABLE_CODE = YES;
				CLANG_WARN__DUPLICATE_METHOD_MATCH = YES;
				COPY_PHASE_STRIP = NO;
				DEBUG_INFORMATION_FORMAT = "dwarf-with-dsym";
				ENABLE_NS_ASSERTIONS = NO;
				ENABLE_STRICT_OBJC_MSGSEND = YES;
				GCC_C_LANGUAGE_STANDARD = gnu11;
				GCC_NO_COMMON_BLOCKS = YES;
				GCC_WARN_64_TO_32_BIT_CONVERSION = YES;
				GCC_WARN_ABOUT_RETURN_TYPE = YES_ERROR;
				GCC_WARN_UNDECLARED_SELECTOR = YES;
				GCC_WARN_UNINITIALIZED_AUTOS = YES_AGGRESSIVE;
				GCC_WARN_UNUSED_FUNCTION = YES;
				GCC_WARN_UNUSED_VARIABLE = YES;
				IPHONEOS_DEPLOYMENT_TARGET = 13.2;
				MTL_ENABLE_DEBUG_INFO = NO;
				MTL_FAST_MATH = YES;
				SDKROOT = iphoneos;
				SWIFT_COMPILATION_MODE = wholemodule;
				SWIFT_OPTIMIZATION_LEVEL = "-O";
				VALIDATE_PRODUCT = YES;
			};
			name = Release;
		};
		6420E64525235D00001E8376 /* Debug */ = {
			isa = XCBuildConfiguration;
			buildSettings = {
				ASSETCATALOG_COMPILER_APPICON_NAME = AppIcon;
				CODE_SIGN_STYLE = Automatic;
				INFOPLIST_FILE = SwiftMed/Info.plist;
				LD_RUNPATH_SEARCH_PATHS = (
					"$(inherited)",
					"@executable_path/Frameworks",
				);
				PRODUCT_BUNDLE_IDENTIFIER = news.SwiftMed;
				PRODUCT_NAME = "$(TARGET_NAME)";
				SWIFT_VERSION = 5.0;
				TARGETED_DEVICE_FAMILY = "1,2";
			};
			name = Debug;
		};
		6420E64625235D00001E8376 /* Release */ = {
			isa = XCBuildConfiguration;
			buildSettings = {
				ASSETCATALOG_COMPILER_APPICON_NAME = AppIcon;
				CODE_SIGN_STYLE = Automatic;
				INFOPLIST_FILE = SwiftMed/Info.plist;
				LD_RUNPATH_SEARCH_PATHS = (
					"$(inherited)",
					"@executable_path/Frameworks",
				);
				PRODUCT_BUNDLE_IDENTIFIER = news.SwiftMed;
				PRODUCT_NAME = "$(TARGET_NAME)";
				SWIFT_VERSION = 5.0;
				TARGETED_DEVICE_FAMILY = "1,2";
			};
			name = Release;
		};
/* End XCBuildConfiguration section */

/* Begin XCConfigurationList section */
		6420E62B25235D00001E8376 /* Build configuration list for PBXProject "SwiftMed" */ = {
			isa = XCConfigurationList;
			buildConfigurations = (
				6420E64225235D00001E8376 /* Debug */,
				6420E64325235D00001E8376 /* Release */,
			);
			defaultConfigurationIsVisible = 0;
			defaultConfigurationName = Release;
		};
		6420E64425235D00001E8376 /* Build configuration list for PBXNativeTarget "SwiftMed" */ = {
			isa = XCConfigurationList;
			buildConfigurations = (
				6420E64525235D00001E8376 /* Debug */,
				6420E64625235D00001E8376 /* Release */,
			);
			defaultConfigurationIsVisible = 0;
			defaultConfigurationName = Release;
		};
/* End XCConfigurationList section */
	};
	rootObject = 6420E62825235D00001E8376 /* Project object */;
}
